// !$*UTF8*$!
{
	archiveVersion = 1;
	classes = {
	};
	objectVersion = 52;
	objects = {

/* Begin PBXBuildFile section */
		D63FF4132499557C0051EBCB /* AppDelegate.swift in Sources */ = {isa = PBXBuildFile; fileRef = D63FF4122499557C0051EBCB /* AppDelegate.swift */; };
		D63FF4152499557C0051EBCB /* SceneDelegate.swift in Sources */ = {isa = PBXBuildFile; fileRef = D63FF4142499557C0051EBCB /* SceneDelegate.swift */; };
		D63FF41C2499557D0051EBCB /* Assets.xcassets in Resources */ = {isa = PBXBuildFile; fileRef = D63FF41B2499557D0051EBCB /* Assets.xcassets */; };
		D63FF41F2499557D0051EBCB /* LaunchScreen.storyboard in Resources */ = {isa = PBXBuildFile; fileRef = D63FF41D2499557D0051EBCB /* LaunchScreen.storyboard */; };
		D63FF42A2499557D0051EBCB /* WeatherTests.swift in Sources */ = {isa = PBXBuildFile; fileRef = D63FF4292499557D0051EBCB /* WeatherTests.swift */; };
		D63FF438249955DB0051EBCB /* HttpClient.swift in Sources */ = {isa = PBXBuildFile; fileRef = D63FF437249955DB0051EBCB /* HttpClient.swift */; };
		D63FF43B249956350051EBCB /* Checker.swift in Sources */ = {isa = PBXBuildFile; fileRef = D63FF43A249956350051EBCB /* Checker.swift */; };
		D63FF43D249956740051EBCB /* WeatherService.swift in Sources */ = {isa = PBXBuildFile; fileRef = D63FF43C249956740051EBCB /* WeatherService.swift */; };
		D63FF44024995F0F0051EBCB /* City.swift in Sources */ = {isa = PBXBuildFile; fileRef = D63FF43F24995F0F0051EBCB /* City.swift */; };
		D63FF44224995F970051EBCB /* Weather.swift in Sources */ = {isa = PBXBuildFile; fileRef = D63FF44124995F970051EBCB /* Weather.swift */; };
		D63FF44424996FDD0051EBCB /* WeatherViewModel.swift in Sources */ = {isa = PBXBuildFile; fileRef = D63FF44324996FDD0051EBCB /* WeatherViewModel.swift */; };
		D63FF446249970690051EBCB /* WeatherView.swift in Sources */ = {isa = PBXBuildFile; fileRef = D63FF445249970690051EBCB /* WeatherView.swift */; };
		D6A1DDBB249974B900DA614E /* LBTAFormController.swift in Sources */ = {isa = PBXBuildFile; fileRef = D6A1DDA7249974B900DA614E /* LBTAFormController.swift */; };
		D6A1DDBC249974B900DA614E /* CircularImageView.swift in Sources */ = {isa = PBXBuildFile; fileRef = D6A1DDA9249974B900DA614E /* CircularImageView.swift */; };
		D6A1DDBD249974B900DA614E /* UIStackView.swift in Sources */ = {isa = PBXBuildFile; fileRef = D6A1DDAB249974B900DA614E /* UIStackView.swift */; };
		D6A1DDBE249974B900DA614E /* IndentedTextField.swift in Sources */ = {isa = PBXBuildFile; fileRef = D6A1DDAC249974B900DA614E /* IndentedTextField.swift */; };
		D6A1DDBF249974B900DA614E /* UIView+Layout.swift in Sources */ = {isa = PBXBuildFile; fileRef = D6A1DDAD249974B900DA614E /* UIView+Layout.swift */; };
		D6A1DDC0249974B900DA614E /* AspectFitImageView.swift in Sources */ = {isa = PBXBuildFile; fileRef = D6A1DDAE249974B900DA614E /* AspectFitImageView.swift */; };
		D6A1DDC1249974B900DA614E /* UIButton.swift in Sources */ = {isa = PBXBuildFile; fileRef = D6A1DDAF249974B900DA614E /* UIButton.swift */; };
		D6A1DDC2249974B900DA614E /* UIView+Stacking.swift in Sources */ = {isa = PBXBuildFile; fileRef = D6A1DDB0249974B900DA614E /* UIView+Stacking.swift */; };
		D6A1DDC3249974B900DA614E /* UITextField+Tools.swift in Sources */ = {isa = PBXBuildFile; fileRef = D6A1DDB1249974B900DA614E /* UITextField+Tools.swift */; };
		D6A1DDC4249974B900DA614E /* UILabel.swift in Sources */ = {isa = PBXBuildFile; fileRef = D6A1DDB2249974B900DA614E /* UILabel.swift */; };
		D6A1DDC5249974B900DA614E /* UITextView.swift in Sources */ = {isa = PBXBuildFile; fileRef = D6A1DDB3249974B900DA614E /* UITextView.swift */; };
		D6A1DDC6249974B900DA614E /* UIColor+Helpers.swift in Sources */ = {isa = PBXBuildFile; fileRef = D6A1DDB4249974B900DA614E /* UIColor+Helpers.swift */; };
		D6A1DDC7249974B900DA614E /* AnchoredConstraints.swift in Sources */ = {isa = PBXBuildFile; fileRef = D6A1DDB5249974B900DA614E /* AnchoredConstraints.swift */; };
		D6A1DDC8249974B900DA614E /* LBTAListController.swift in Sources */ = {isa = PBXBuildFile; fileRef = D6A1DDB7249974B900DA614E /* LBTAListController.swift */; };
		D6A1DDC9249974B900DA614E /* LBTAListCell.swift in Sources */ = {isa = PBXBuildFile; fileRef = D6A1DDB8249974B900DA614E /* LBTAListCell.swift */; };
		D6A1DDCA249974B900DA614E /* LBTAListHeaderController.swift in Sources */ = {isa = PBXBuildFile; fileRef = D6A1DDB9249974B900DA614E /* LBTAListHeaderController.swift */; };
		D6A1DDCB249974B900DA614E /* LBTAListHeaderFooterController.swift in Sources */ = {isa = PBXBuildFile; fileRef = D6A1DDBA249974B900DA614E /* LBTAListHeaderFooterController.swift */; };
		D6A1DDCF24997F5300DA614E /* Main.storyboard in Resources */ = {isa = PBXBuildFile; fileRef = D6A1DDCE24997F5300DA614E /* Main.storyboard */; };
/* End PBXBuildFile section */

/* Begin PBXContainerItemProxy section */
		D63FF4262499557D0051EBCB /* PBXContainerItemProxy */ = {
			isa = PBXContainerItemProxy;
			containerPortal = D63FF4072499557C0051EBCB /* Project object */;
			proxyType = 1;
			remoteGlobalIDString = D63FF40E2499557C0051EBCB;
			remoteInfo = Weather;
		};
/* End PBXContainerItemProxy section */

/* Begin PBXFileReference section */
		D63FF40F2499557C0051EBCB /* Weather.app */ = {isa = PBXFileReference; explicitFileType = wrapper.application; includeInIndex = 0; path = Weather.app; sourceTree = BUILT_PRODUCTS_DIR; };
		D63FF4122499557C0051EBCB /* AppDelegate.swift */ = {isa = PBXFileReference; lastKnownFileType = sourcecode.swift; path = AppDelegate.swift; sourceTree = "<group>"; };
		D63FF4142499557C0051EBCB /* SceneDelegate.swift */ = {isa = PBXFileReference; lastKnownFileType = sourcecode.swift; path = SceneDelegate.swift; sourceTree = "<group>"; };
		D63FF41B2499557D0051EBCB /* Assets.xcassets */ = {isa = PBXFileReference; lastKnownFileType = folder.assetcatalog; path = Assets.xcassets; sourceTree = "<group>"; };
		D63FF41E2499557D0051EBCB /* Base */ = {isa = PBXFileReference; lastKnownFileType = file.storyboard; name = Base; path = Base.lproj/LaunchScreen.storyboard; sourceTree = "<group>"; };
		D63FF4202499557D0051EBCB /* Info.plist */ = {isa = PBXFileReference; lastKnownFileType = text.plist.xml; path = Info.plist; sourceTree = "<group>"; };
		D63FF4252499557D0051EBCB /* WeatherTests.xctest */ = {isa = PBXFileReference; explicitFileType = wrapper.cfbundle; includeInIndex = 0; path = WeatherTests.xctest; sourceTree = BUILT_PRODUCTS_DIR; };
		D63FF4292499557D0051EBCB /* WeatherTests.swift */ = {isa = PBXFileReference; lastKnownFileType = sourcecode.swift; path = WeatherTests.swift; sourceTree = "<group>"; };
		D63FF42B2499557D0051EBCB /* Info.plist */ = {isa = PBXFileReference; lastKnownFileType = text.plist.xml; path = Info.plist; sourceTree = "<group>"; };
		D63FF437249955DB0051EBCB /* HttpClient.swift */ = {isa = PBXFileReference; lastKnownFileType = sourcecode.swift; path = HttpClient.swift; sourceTree = "<group>"; };
		D63FF43A249956350051EBCB /* Checker.swift */ = {isa = PBXFileReference; lastKnownFileType = sourcecode.swift; path = Checker.swift; sourceTree = "<group>"; };
		D63FF43C249956740051EBCB /* WeatherService.swift */ = {isa = PBXFileReference; lastKnownFileType = sourcecode.swift; path = WeatherService.swift; sourceTree = "<group>"; };
		D63FF43F24995F0F0051EBCB /* City.swift */ = {isa = PBXFileReference; lastKnownFileType = sourcecode.swift; path = City.swift; sourceTree = "<group>"; };
		D63FF44124995F970051EBCB /* Weather.swift */ = {isa = PBXFileReference; lastKnownFileType = sourcecode.swift; path = Weather.swift; sourceTree = "<group>"; };
		D63FF44324996FDD0051EBCB /* WeatherViewModel.swift */ = {isa = PBXFileReference; lastKnownFileType = sourcecode.swift; path = WeatherViewModel.swift; sourceTree = "<group>"; };
		D63FF445249970690051EBCB /* WeatherView.swift */ = {isa = PBXFileReference; lastKnownFileType = sourcecode.swift; path = WeatherView.swift; sourceTree = "<group>"; };
		D6A1DDA7249974B900DA614E /* LBTAFormController.swift */ = {isa = PBXFileReference; fileEncoding = 4; lastKnownFileType = sourcecode.swift; path = LBTAFormController.swift; sourceTree = "<group>"; };
		D6A1DDA9249974B900DA614E /* CircularImageView.swift */ = {isa = PBXFileReference; fileEncoding = 4; lastKnownFileType = sourcecode.swift; path = CircularImageView.swift; sourceTree = "<group>"; };
		D6A1DDAB249974B900DA614E /* UIStackView.swift */ = {isa = PBXFileReference; fileEncoding = 4; lastKnownFileType = sourcecode.swift; path = UIStackView.swift; sourceTree = "<group>"; };
		D6A1DDAC249974B900DA614E /* IndentedTextField.swift */ = {isa = PBXFileReference; fileEncoding = 4; lastKnownFileType = sourcecode.swift; path = IndentedTextField.swift; sourceTree = "<group>"; };
		D6A1DDAD249974B900DA614E /* UIView+Layout.swift */ = {isa = PBXFileReference; fileEncoding = 4; lastKnownFileType = sourcecode.swift; path = "UIView+Layout.swift"; sourceTree = "<group>"; };
		D6A1DDAE249974B900DA614E /* AspectFitImageView.swift */ = {isa = PBXFileReference; fileEncoding = 4; lastKnownFileType = sourcecode.swift; path = AspectFitImageView.swift; sourceTree = "<group>"; };
		D6A1DDAF249974B900DA614E /* UIButton.swift */ = {isa = PBXFileReference; fileEncoding = 4; lastKnownFileType = sourcecode.swift; path = UIButton.swift; sourceTree = "<group>"; };
		D6A1DDB0249974B900DA614E /* UIView+Stacking.swift */ = {isa = PBXFileReference; fileEncoding = 4; lastKnownFileType = sourcecode.swift; path = "UIView+Stacking.swift"; sourceTree = "<group>"; };
		D6A1DDB1249974B900DA614E /* UITextField+Tools.swift */ = {isa = PBXFileReference; fileEncoding = 4; lastKnownFileType = sourcecode.swift; path = "UITextField+Tools.swift"; sourceTree = "<group>"; };
		D6A1DDB2249974B900DA614E /* UILabel.swift */ = {isa = PBXFileReference; fileEncoding = 4; lastKnownFileType = sourcecode.swift; path = UILabel.swift; sourceTree = "<group>"; };
		D6A1DDB3249974B900DA614E /* UITextView.swift */ = {isa = PBXFileReference; fileEncoding = 4; lastKnownFileType = sourcecode.swift; path = UITextView.swift; sourceTree = "<group>"; };
		D6A1DDB4249974B900DA614E /* UIColor+Helpers.swift */ = {isa = PBXFileReference; fileEncoding = 4; lastKnownFileType = sourcecode.swift; path = "UIColor+Helpers.swift"; sourceTree = "<group>"; };
		D6A1DDB5249974B900DA614E /* AnchoredConstraints.swift */ = {isa = PBXFileReference; fileEncoding = 4; lastKnownFileType = sourcecode.swift; path = AnchoredConstraints.swift; sourceTree = "<group>"; };
		D6A1DDB7249974B900DA614E /* LBTAListController.swift */ = {isa = PBXFileReference; fileEncoding = 4; lastKnownFileType = sourcecode.swift; path = LBTAListController.swift; sourceTree = "<group>"; };
		D6A1DDB8249974B900DA614E /* LBTAListCell.swift */ = {isa = PBXFileReference; fileEncoding = 4; lastKnownFileType = sourcecode.swift; path = LBTAListCell.swift; sourceTree = "<group>"; };
		D6A1DDB9249974B900DA614E /* LBTAListHeaderController.swift */ = {isa = PBXFileReference; fileEncoding = 4; lastKnownFileType = sourcecode.swift; path = LBTAListHeaderController.swift; sourceTree = "<group>"; };
		D6A1DDBA249974B900DA614E /* LBTAListHeaderFooterController.swift */ = {isa = PBXFileReference; fileEncoding = 4; lastKnownFileType = sourcecode.swift; path = LBTAListHeaderFooterController.swift; sourceTree = "<group>"; };
		D6A1DDCE24997F5300DA614E /* Main.storyboard */ = {isa = PBXFileReference; fileEncoding = 4; lastKnownFileType = file.storyboard; path = Main.storyboard; sourceTree = "<group>"; };
/* End PBXFileReference section */

/* Begin PBXFrameworksBuildPhase section */
		D63FF40C2499557C0051EBCB /* Frameworks */ = {
			isa = PBXFrameworksBuildPhase;
			buildActionMask = 2147483647;
			files = (
			);
			runOnlyForDeploymentPostprocessing = 0;
		};
		D63FF4222499557D0051EBCB /* Frameworks */ = {
			isa = PBXFrameworksBuildPhase;
			buildActionMask = 2147483647;
			files = (
			);
			runOnlyForDeploymentPostprocessing = 0;
		};
/* End PBXFrameworksBuildPhase section */

/* Begin PBXGroup section */
		D63FF4062499557C0051EBCB = {
			isa = PBXGroup;
			children = (
				D63FF4112499557C0051EBCB /* Weather */,
				D63FF4282499557D0051EBCB /* WeatherTests */,
				D63FF4102499557C0051EBCB /* Products */,
			);
			sourceTree = "<group>";
		};
		D63FF4102499557C0051EBCB /* Products */ = {
			isa = PBXGroup;
			children = (
				D63FF40F2499557C0051EBCB /* Weather.app */,
				D63FF4252499557D0051EBCB /* WeatherTests.xctest */,
			);
			name = Products;
			sourceTree = "<group>";
		};
		D63FF4112499557C0051EBCB /* Weather */ = {
			isa = PBXGroup;
			children = (
				D63FF43E24995F030051EBCB /* Model */,
				D63FF439249956270051EBCB /* Core */,
				D63FF436249955B70051EBCB /* ViewModel */,
				D63FF435249955B10051EBCB /* View */,
				D63FF434249955A90051EBCB /* Service */,
				D63FF4122499557C0051EBCB /* AppDelegate.swift */,
				D6A1DDCE24997F5300DA614E /* Main.storyboard */,
				D63FF4142499557C0051EBCB /* SceneDelegate.swift */,
				D63FF41B2499557D0051EBCB /* Assets.xcassets */,
				D63FF41D2499557D0051EBCB /* LaunchScreen.storyboard */,
				D63FF4202499557D0051EBCB /* Info.plist */,
			);
			path = Weather;
			sourceTree = "<group>";
		};
		D63FF4282499557D0051EBCB /* WeatherTests */ = {
			isa = PBXGroup;
			children = (
				D63FF4292499557D0051EBCB /* WeatherTests.swift */,
				D63FF42B2499557D0051EBCB /* Info.plist */,
			);
			path = WeatherTests;
			sourceTree = "<group>";
		};
		D63FF434249955A90051EBCB /* Service */ = {
			isa = PBXGroup;
			children = (
				D63FF437249955DB0051EBCB /* HttpClient.swift */,
				D63FF43C249956740051EBCB /* WeatherService.swift */,
			);
			path = Service;
			sourceTree = "<group>";
		};
		D63FF435249955B10051EBCB /* View */ = {
			isa = PBXGroup;
			children = (
				D63FF445249970690051EBCB /* WeatherView.swift */,
			);
			path = View;
			sourceTree = "<group>";
		};
		D63FF436249955B70051EBCB /* ViewModel */ = {
			isa = PBXGroup;
			children = (
				D63FF44324996FDD0051EBCB /* WeatherViewModel.swift */,
			);
			path = ViewModel;
			sourceTree = "<group>";
		};
		D63FF439249956270051EBCB /* Core */ = {
			isa = PBXGroup;
			children = (
				D6A1DDA5249974B900DA614E /* LBTATools */,
				D63FF43A249956350051EBCB /* Checker.swift */,
			);
			path = Core;
			sourceTree = "<group>";
		};
		D63FF43E24995F030051EBCB /* Model */ = {
			isa = PBXGroup;
			children = (
				D63FF43F24995F0F0051EBCB /* City.swift */,
				D63FF44124995F970051EBCB /* Weather.swift */,
			);
			path = Model;
			sourceTree = "<group>";
		};
		D6A1DDA5249974B900DA614E /* LBTATools */ = {
			isa = PBXGroup;
			children = (
				D6A1DDA6249974B900DA614E /* Form */,
				D6A1DDA8249974B900DA614E /* UIKitSubclasses */,
				D6A1DDAA249974B900DA614E /* Extensions */,
				D6A1DDB4249974B900DA614E /* UIColor+Helpers.swift */,
				D6A1DDB5249974B900DA614E /* AnchoredConstraints.swift */,
				D6A1DDB6249974B900DA614E /* ListController */,
			);
			path = LBTATools;
			sourceTree = "<group>";
		};
		D6A1DDA6249974B900DA614E /* Form */ = {
			isa = PBXGroup;
			children = (
				D6A1DDA7249974B900DA614E /* LBTAFormController.swift */,
			);
			path = Form;
			sourceTree = "<group>";
		};
		D6A1DDA8249974B900DA614E /* UIKitSubclasses */ = {
			isa = PBXGroup;
			children = (
				D6A1DDA9249974B900DA614E /* CircularImageView.swift */,
			);
			path = UIKitSubclasses;
			sourceTree = "<group>";
		};
		D6A1DDAA249974B900DA614E /* Extensions */ = {
			isa = PBXGroup;
			children = (
				D6A1DDAB249974B900DA614E /* UIStackView.swift */,
				D6A1DDAC249974B900DA614E /* IndentedTextField.swift */,
				D6A1DDAD249974B900DA614E /* UIView+Layout.swift */,
				D6A1DDAE249974B900DA614E /* AspectFitImageView.swift */,
				D6A1DDAF249974B900DA614E /* UIButton.swift */,
				D6A1DDB0249974B900DA614E /* UIView+Stacking.swift */,
				D6A1DDB1249974B900DA614E /* UITextField+Tools.swift */,
				D6A1DDB2249974B900DA614E /* UILabel.swift */,
				D6A1DDB3249974B900DA614E /* UITextView.swift */,
			);
			path = Extensions;
			sourceTree = "<group>";
		};
		D6A1DDB6249974B900DA614E /* ListController */ = {
			isa = PBXGroup;
			children = (
				D6A1DDB7249974B900DA614E /* LBTAListController.swift */,
				D6A1DDB8249974B900DA614E /* LBTAListCell.swift */,
				D6A1DDB9249974B900DA614E /* LBTAListHeaderController.swift */,
				D6A1DDBA249974B900DA614E /* LBTAListHeaderFooterController.swift */,
			);
			path = ListController;
			sourceTree = "<group>";
		};
/* End PBXGroup section */

/* Begin PBXNativeTarget section */
		D63FF40E2499557C0051EBCB /* Weather */ = {
			isa = PBXNativeTarget;
			buildConfigurationList = D63FF42E2499557D0051EBCB /* Build configuration list for PBXNativeTarget "Weather" */;
			buildPhases = (
				D63FF40B2499557C0051EBCB /* Sources */,
				D63FF40C2499557C0051EBCB /* Frameworks */,
				D63FF40D2499557C0051EBCB /* Resources */,
			);
			buildRules = (
			);
			dependencies = (
			);
			name = Weather;
			packageProductDependencies = (
			);
			productName = Weather;
			productReference = D63FF40F2499557C0051EBCB /* Weather.app */;
			productType = "com.apple.product-type.application";
		};
		D63FF4242499557D0051EBCB /* WeatherTests */ = {
			isa = PBXNativeTarget;
			buildConfigurationList = D63FF4312499557D0051EBCB /* Build configuration list for PBXNativeTarget "WeatherTests" */;
			buildPhases = (
				D63FF4212499557D0051EBCB /* Sources */,
				D63FF4222499557D0051EBCB /* Frameworks */,
				D63FF4232499557D0051EBCB /* Resources */,
			);
			buildRules = (
			);
			dependencies = (
				D63FF4272499557D0051EBCB /* PBXTargetDependency */,
			);
			name = WeatherTests;
			productName = WeatherTests;
			productReference = D63FF4252499557D0051EBCB /* WeatherTests.xctest */;
			productType = "com.apple.product-type.bundle.unit-test";
		};
/* End PBXNativeTarget section */

/* Begin PBXProject section */
		D63FF4072499557C0051EBCB /* Project object */ = {
			isa = PBXProject;
			attributes = {
				LastSwiftUpdateCheck = 1150;
				LastUpgradeCheck = 1150;
				ORGANIZATIONNAME = "RUN4U Studio";
				TargetAttributes = {
					D63FF40E2499557C0051EBCB = {
						CreatedOnToolsVersion = 11.5;
					};
					D63FF4242499557D0051EBCB = {
						CreatedOnToolsVersion = 11.5;
						TestTargetID = D63FF40E2499557C0051EBCB;
					};
				};
			};
			buildConfigurationList = D63FF40A2499557C0051EBCB /* Build configuration list for PBXProject "Weather" */;
			compatibilityVersion = "Xcode 9.3";
			developmentRegion = en;
			hasScannedForEncodings = 0;
			knownRegions = (
				en,
				Base,
			);
			mainGroup = D63FF4062499557C0051EBCB;
			packageReferences = (
				D6A5F6B92499718E00AA34D0 /* XCRemoteSwiftPackageReference "LBTATools" */,
			);
			productRefGroup = D63FF4102499557C0051EBCB /* Products */;
			projectDirPath = "";
			projectRoot = "";
			targets = (
				D63FF40E2499557C0051EBCB /* Weather */,
				D63FF4242499557D0051EBCB /* WeatherTests */,
			);
		};
/* End PBXProject section */

/* Begin PBXResourcesBuildPhase section */
		D63FF40D2499557C0051EBCB /* Resources */ = {
			isa = PBXResourcesBuildPhase;
			buildActionMask = 2147483647;
			files = (
				D6A1DDCF24997F5300DA614E /* Main.storyboard in Resources */,
				D63FF41F2499557D0051EBCB /* LaunchScreen.storyboard in Resources */,
				D63FF41C2499557D0051EBCB /* Assets.xcassets in Resources */,
			);
			runOnlyForDeploymentPostprocessing = 0;
		};
		D63FF4232499557D0051EBCB /* Resources */ = {
			isa = PBXResourcesBuildPhase;
			buildActionMask = 2147483647;
			files = (
			);
			runOnlyForDeploymentPostprocessing = 0;
		};
/* End PBXResourcesBuildPhase section */

/* Begin PBXSourcesBuildPhase section */
		D63FF40B2499557C0051EBCB /* Sources */ = {
			isa = PBXSourcesBuildPhase;
			buildActionMask = 2147483647;
			files = (
				D6A1DDC1249974B900DA614E /* UIButton.swift in Sources */,
				D63FF44224995F970051EBCB /* Weather.swift in Sources */,
				D6A1DDBC249974B900DA614E /* CircularImageView.swift in Sources */,
				D6A1DDBE249974B900DA614E /* IndentedTextField.swift in Sources */,
				D63FF44424996FDD0051EBCB /* WeatherViewModel.swift in Sources */,
				D6A1DDC0249974B900DA614E /* AspectFitImageView.swift in Sources */,
				D6A1DDC3249974B900DA614E /* UITextField+Tools.swift in Sources */,
				D6A1DDC5249974B900DA614E /* UITextView.swift in Sources */,
				D6A1DDCA249974B900DA614E /* LBTAListHeaderController.swift in Sources */,
				D63FF43B249956350051EBCB /* Checker.swift in Sources */,
				D6A1DDC2249974B900DA614E /* UIView+Stacking.swift in Sources */,
				D6A1DDC4249974B900DA614E /* UILabel.swift in Sources */,
				D63FF4132499557C0051EBCB /* AppDelegate.swift in Sources */,
				D63FF446249970690051EBCB /* WeatherView.swift in Sources */,
				D63FF438249955DB0051EBCB /* HttpClient.swift in Sources */,
				D6A1DDC7249974B900DA614E /* AnchoredConstraints.swift in Sources */,
				D63FF43D249956740051EBCB /* WeatherService.swift in Sources */,
				D6A1DDBB249974B900DA614E /* LBTAFormController.swift in Sources */,
				D6A1DDC6249974B900DA614E /* UIColor+Helpers.swift in Sources */,
				D63FF4152499557C0051EBCB /* SceneDelegate.swift in Sources */,
				D6A1DDBD249974B900DA614E /* UIStackView.swift in Sources */,
				D63FF44024995F0F0051EBCB /* City.swift in Sources */,
				D6A1DDC8249974B900DA614E /* LBTAListController.swift in Sources */,
				D6A1DDC9249974B900DA614E /* LBTAListCell.swift in Sources */,
				D6A1DDBF249974B900DA614E /* UIView+Layout.swift in Sources */,
				D6A1DDCB249974B900DA614E /* LBTAListHeaderFooterController.swift in Sources */,
			);
			runOnlyForDeploymentPostprocessing = 0;
		};
		D63FF4212499557D0051EBCB /* Sources */ = {
			isa = PBXSourcesBuildPhase;
			buildActionMask = 2147483647;
			files = (
				D63FF42A2499557D0051EBCB /* WeatherTests.swift in Sources */,
			);
			runOnlyForDeploymentPostprocessing = 0;
		};
/* End PBXSourcesBuildPhase section */

/* Begin PBXTargetDependency section */
		D63FF4272499557D0051EBCB /* PBXTargetDependency */ = {
			isa = PBXTargetDependency;
			target = D63FF40E2499557C0051EBCB /* Weather */;
			targetProxy = D63FF4262499557D0051EBCB /* PBXContainerItemProxy */;
		};
/* End PBXTargetDependency section */

/* Begin PBXVariantGroup section */
		D63FF41D2499557D0051EBCB /* LaunchScreen.storyboard */ = {
			isa = PBXVariantGroup;
			children = (
				D63FF41E2499557D0051EBCB /* Base */,
			);
			name = LaunchScreen.storyboard;
			sourceTree = "<group>";
		};
/* End PBXVariantGroup section */

/* Begin XCBuildConfiguration section */
		D63FF42C2499557D0051EBCB /* Debug */ = {
			isa = XCBuildConfiguration;
			buildSettings = {
				ALWAYS_SEARCH_USER_PATHS = NO;
				CLANG_ANALYZER_NONNULL = YES;
				CLANG_ANALYZER_NUMBER_OBJECT_CONVERSION = YES_AGGRESSIVE;
				CLANG_CXX_LANGUAGE_STANDARD = "gnu++14";
				CLANG_CXX_LIBRARY = "libc++";
				CLANG_ENABLE_MODULES = YES;
				CLANG_ENABLE_OBJC_ARC = YES;
				CLANG_ENABLE_OBJC_WEAK = YES;
				CLANG_WARN_BLOCK_CAPTURE_AUTORELEASING = YES;
				CLANG_WARN_BOOL_CONVERSION = YES;
				CLANG_WARN_COMMA = YES;
				CLANG_WARN_CONSTANT_CONVERSION = YES;
				CLANG_WARN_DEPRECATED_OBJC_IMPLEMENTATIONS = YES;
				CLANG_WARN_DIRECT_OBJC_ISA_USAGE = YES_ERROR;
				CLANG_WARN_DOCUMENTATION_COMMENTS = YES;
				CLANG_WARN_EMPTY_BODY = YES;
				CLANG_WARN_ENUM_CONVERSION = YES;
				CLANG_WARN_INFINITE_RECURSION = YES;
				CLANG_WARN_INT_CONVERSION = YES;
				CLANG_WARN_NON_LITERAL_NULL_CONVERSION = YES;
				CLANG_WARN_OBJC_IMPLICIT_RETAIN_SELF = YES;
				CLANG_WARN_OBJC_LITERAL_CONVERSION = YES;
				CLANG_WARN_OBJC_ROOT_CLASS = YES_ERROR;
				CLANG_WARN_RANGE_LOOP_ANALYSIS = YES;
				CLANG_WARN_STRICT_PROTOTYPES = YES;
				CLANG_WARN_SUSPICIOUS_MOVE = YES;
				CLANG_WARN_UNGUARDED_AVAILABILITY = YES_AGGRESSIVE;
				CLANG_WARN_UNREACHABLE_CODE = YES;
				CLANG_WARN__DUPLICATE_METHOD_MATCH = YES;
				COPY_PHASE_STRIP = NO;
				DEBUG_INFORMATION_FORMAT = dwarf;
				ENABLE_STRICT_OBJC_MSGSEND = YES;
				ENABLE_TESTABILITY = YES;
				GCC_C_LANGUAGE_STANDARD = gnu11;
				GCC_DYNAMIC_NO_PIC = NO;
				GCC_NO_COMMON_BLOCKS = YES;
				GCC_OPTIMIZATION_LEVEL = 0;
				GCC_PREPROCESSOR_DEFINITIONS = (
					"DEBUG=1",
					"$(inherited)",
				);
				GCC_WARN_64_TO_32_BIT_CONVERSION = YES;
				GCC_WARN_ABOUT_RETURN_TYPE = YES_ERROR;
				GCC_WARN_UNDECLARED_SELECTOR = YES;
				GCC_WARN_UNINITIALIZED_AUTOS = YES_AGGRESSIVE;
				GCC_WARN_UNUSED_FUNCTION = YES;
				GCC_WARN_UNUSED_VARIABLE = YES;
				IPHONEOS_DEPLOYMENT_TARGET = 13.5;
				MTL_ENABLE_DEBUG_INFO = INCLUDE_SOURCE;
				MTL_FAST_MATH = YES;
				ONLY_ACTIVE_ARCH = YES;
				SDKROOT = iphoneos;
				SWIFT_ACTIVE_COMPILATION_CONDITIONS = DEBUG;
				SWIFT_OPTIMIZATION_LEVEL = "-Onone";
			};
			name = Debug;
		};
		D63FF42D2499557D0051EBCB /* Release */ = {
			isa = XCBuildConfiguration;
			buildSettings = {
				ALWAYS_SEARCH_USER_PATHS = NO;
				CLANG_ANALYZER_NONNULL = YES;
				CLANG_ANALYZER_NUMBER_OBJECT_CONVERSION = YES_AGGRESSIVE;
				CLANG_CXX_LANGUAGE_STANDARD = "gnu++14";
				CLANG_CXX_LIBRARY = "libc++";
				CLANG_ENABLE_MODULES = YES;
				CLANG_ENABLE_OBJC_ARC = YES;
				CLANG_ENABLE_OBJC_WEAK = YES;
				CLANG_WARN_BLOCK_CAPTURE_AUTORELEASING = YES;
				CLANG_WARN_BOOL_CONVERSION = YES;
				CLANG_WARN_COMMA = YES;
				CLANG_WARN_CONSTANT_CONVERSION = YES;
				CLANG_WARN_DEPRECATED_OBJC_IMPLEMENTATIONS = YES;
				CLANG_WARN_DIRECT_OBJC_ISA_USAGE = YES_ERROR;
				CLANG_WARN_DOCUMENTATION_COMMENTS = YES;
				CLANG_WARN_EMPTY_BODY = YES;
				CLANG_WARN_ENUM_CONVERSION = YES;
				CLANG_WARN_INFINITE_RECURSION = YES;
				CLANG_WARN_INT_CONVERSION = YES;
				CLANG_WARN_NON_LITERAL_NULL_CONVERSION = YES;
				CLANG_WARN_OBJC_IMPLICIT_RETAIN_SELF = YES;
				CLANG_WARN_OBJC_LITERAL_CONVERSION = YES;
				CLANG_WARN_OBJC_ROOT_CLASS = YES_ERROR;
				CLANG_WARN_RANGE_LOOP_ANALYSIS = YES;
				CLANG_WARN_STRICT_PROTOTYPES = YES;
				CLANG_WARN_SUSPICIOUS_MOVE = YES;
				CLANG_WARN_UNGUARDED_AVAILABILITY = YES_AGGRESSIVE;
				CLANG_WARN_UNREACHABLE_CODE = YES;
				CLANG_WARN__DUPLICATE_METHOD_MATCH = YES;
				COPY_PHASE_STRIP = NO;
				DEBUG_INFORMATION_FORMAT = "dwarf-with-dsym";
				ENABLE_NS_ASSERTIONS = NO;
				ENABLE_STRICT_OBJC_MSGSEND = YES;
				GCC_C_LANGUAGE_STANDARD = gnu11;
				GCC_NO_COMMON_BLOCKS = YES;
				GCC_WARN_64_TO_32_BIT_CONVERSION = YES;
				GCC_WARN_ABOUT_RETURN_TYPE = YES_ERROR;
				GCC_WARN_UNDECLARED_SELECTOR = YES;
				GCC_WARN_UNINITIALIZED_AUTOS = YES_AGGRESSIVE;
				GCC_WARN_UNUSED_FUNCTION = YES;
				GCC_WARN_UNUSED_VARIABLE = YES;
				IPHONEOS_DEPLOYMENT_TARGET = 13.5;
				MTL_ENABLE_DEBUG_INFO = NO;
				MTL_FAST_MATH = YES;
				SDKROOT = iphoneos;
				SWIFT_COMPILATION_MODE = wholemodule;
				SWIFT_OPTIMIZATION_LEVEL = "-O";
				VALIDATE_PRODUCT = YES;
			};
			name = Release;
		};
		D63FF42F2499557D0051EBCB /* Debug */ = {
			isa = XCBuildConfiguration;
			buildSettings = {
				ASSETCATALOG_COMPILER_APPICON_NAME = AppIcon;
				CODE_SIGN_STYLE = Automatic;
				DEVELOPMENT_TEAM = 9GX9FA34B5;
				INFOPLIST_FILE = Weather/Info.plist;
				LD_RUNPATH_SEARCH_PATHS = (
					"$(inherited)",
					"@executable_path/Frameworks",
				);
				PRODUCT_BUNDLE_IDENTIFIER = run4u.Weather;
				PRODUCT_NAME = "$(TARGET_NAME)";
				SWIFT_VERSION = 5.0;
				TARGETED_DEVICE_FAMILY = 1;
			};
			name = Debug;
		};
		D63FF4302499557D0051EBCB /* Release */ = {
			isa = XCBuildConfiguration;
			buildSettings = {
				ASSETCATALOG_COMPILER_APPICON_NAME = AppIcon;
				CODE_SIGN_STYLE = Automatic;
				DEVELOPMENT_TEAM = 9GX9FA34B5;
				INFOPLIST_FILE = Weather/Info.plist;
				LD_RUNPATH_SEARCH_PATHS = (
					"$(inherited)",
					"@executable_path/Frameworks",
				);
				PRODUCT_BUNDLE_IDENTIFIER = run4u.Weather;
				PRODUCT_NAME = "$(TARGET_NAME)";
				SWIFT_VERSION = 5.0;
				TARGETED_DEVICE_FAMILY = 1;
			};
			name = Release;
		};
		D63FF4322499557D0051EBCB /* Debug */ = {
			isa = XCBuildConfiguration;
			buildSettings = {
				ALWAYS_EMBED_SWIFT_STANDARD_LIBRARIES = YES;
				BUNDLE_LOADER = "$(TEST_HOST)";
				CODE_SIGN_STYLE = Automatic;
				DEVELOPMENT_TEAM = 9GX9FA34B5;
				INFOPLIST_FILE = WeatherTests/Info.plist;
				IPHONEOS_DEPLOYMENT_TARGET = 13.5;
				LD_RUNPATH_SEARCH_PATHS = (
					"$(inherited)",
					"@executable_path/Frameworks",
					"@loader_path/Frameworks",
				);
				PRODUCT_BUNDLE_IDENTIFIER = run4u.WeatherTests;
				PRODUCT_NAME = "$(TARGET_NAME)";
				SWIFT_VERSION = 5.0;
				TARGETED_DEVICE_FAMILY = "1,2";
				TEST_HOST = "$(BUILT_PRODUCTS_DIR)/Weather.app/Weather";
			};
			name = Debug;
		};
		D63FF4332499557D0051EBCB /* Release */ = {
			isa = XCBuildConfiguration;
			buildSettings = {
				ALWAYS_EMBED_SWIFT_STANDARD_LIBRARIES = YES;
				BUNDLE_LOADER = "$(TEST_HOST)";
				CODE_SIGN_STYLE = Automatic;
				DEVELOPMENT_TEAM = 9GX9FA34B5;
				INFOPLIST_FILE = WeatherTests/Info.plist;
				IPHONEOS_DEPLOYMENT_TARGET = 13.5;
				LD_RUNPATH_SEARCH_PATHS = (
					"$(inherited)",
					"@executable_path/Frameworks",
					"@loader_path/Frameworks",
				);
				PRODUCT_BUNDLE_IDENTIFIER = run4u.WeatherTests;
				PRODUCT_NAME = "$(TARGET_NAME)";
				SWIFT_VERSION = 5.0;
				TARGETED_DEVICE_FAMILY = "1,2";
				TEST_HOST = "$(BUILT_PRODUCTS_DIR)/Weather.app/Weather";
			};
			name = Release;
		};
/* End XCBuildConfiguration section */

/* Begin XCConfigurationList section */
		D63FF40A2499557C0051EBCB /* Build configuration list for PBXProject "Weather" */ = {
			isa = XCConfigurationList;
			buildConfigurations = (
				D63FF42C2499557D0051EBCB /* Debug */,
				D63FF42D2499557D0051EBCB /* Release */,
			);
			defaultConfigurationIsVisible = 0;
			defaultConfigurationName = Release;
		};
		D63FF42E2499557D0051EBCB /* Build configuration list for PBXNativeTarget "Weather" */ = {
			isa = XCConfigurationList;
			buildConfigurations = (
				D63FF42F2499557D0051EBCB /* Debug */,
				D63FF4302499557D0051EBCB /* Release */,
			);
			defaultConfigurationIsVisible = 0;
			defaultConfigurationName = Release;
		};
		D63FF4312499557D0051EBCB /* Build configuration list for PBXNativeTarget "WeatherTests" */ = {
			isa = XCConfigurationList;
			buildConfigurations = (
				D63FF4322499557D0051EBCB /* Debug */,
				D63FF4332499557D0051EBCB /* Release */,
			);
			defaultConfigurationIsVisible = 0;
			defaultConfigurationName = Release;
		};
/* End XCConfigurationList section */

/* Begin XCRemoteSwiftPackageReference section */
		D6A5F6B92499718E00AA34D0 /* XCRemoteSwiftPackageReference "LBTATools" */ = {
			isa = XCRemoteSwiftPackageReference;
			repositoryURL = "https://github.com/bhlvoong/LBTATools.git";
			requirement = {
				kind = upToNextMajorVersion;
				minimumVersion = 1.0.17;
			};
		};
/* End XCRemoteSwiftPackageReference section */
	};
	rootObject = D63FF4072499557C0051EBCB /* Project object */;
}
